// !$*UTF8*$!
{
	archiveVersion = 1;
	classes = {
	};
	objectVersion = 55;
	objects = {

/* Begin PBXBuildFile section */
		47619D6227ED63B100140513 /* UI_519App.swift in Sources */ = {isa = PBXBuildFile; fileRef = 47619D6127ED63B100140513 /* UI_519App.swift */; };
		47619D6427ED63B100140513 /* ContentView.swift in Sources */ = {isa = PBXBuildFile; fileRef = 47619D6327ED63B100140513 /* ContentView.swift */; };
		47619D6627ED63B200140513 /* Assets.xcassets in Resources */ = {isa = PBXBuildFile; fileRef = 47619D6527ED63B200140513 /* Assets.xcassets */; };
		47619D6927ED63B200140513 /* Preview Assets.xcassets in Resources */ = {isa = PBXBuildFile; fileRef = 47619D6827ED63B200140513 /* Preview Assets.xcassets */; };
		47619D7327ED63B300140513 /* UI_519Tests.swift in Sources */ = {isa = PBXBuildFile; fileRef = 47619D7227ED63B300140513 /* UI_519Tests.swift */; };
		47619D7D27ED63B300140513 /* UI_519UITests.swift in Sources */ = {isa = PBXBuildFile; fileRef = 47619D7C27ED63B300140513 /* UI_519UITests.swift */; };
		47619D7F27ED63B300140513 /* UI_519UITestsLaunchTests.swift in Sources */ = {isa = PBXBuildFile; fileRef = 47619D7E27ED63B300140513 /* UI_519UITestsLaunchTests.swift */; };
		47619D8D27ED63C500140513 /* Home.swift in Sources */ = {isa = PBXBuildFile; fileRef = 47619D8C27ED63C500140513 /* Home.swift */; };
		47619D9027ED641F00140513 /* LinkViewModel.swift in Sources */ = {isa = PBXBuildFile; fileRef = 47619D8F27ED641F00140513 /* LinkViewModel.swift */; };
		47619D9227ED650B00140513 /* Message.swift in Sources */ = {isa = PBXBuildFile; fileRef = 47619D9127ED650B00140513 /* Message.swift */; };
		47619D9427ED65FA00140513 /* LinkPreView.swift in Sources */ = {isa = PBXBuildFile; fileRef = 47619D9327ED65FA00140513 /* LinkPreView.swift */; };
/* End PBXBuildFile section */

/* Begin PBXContainerItemProxy section */
		47619D6F27ED63B300140513 /* PBXContainerItemProxy */ = {
			isa = PBXContainerItemProxy;
			containerPortal = 47619D5627ED63B100140513 /* Project object */;
			proxyType = 1;
			remoteGlobalIDString = 47619D5D27ED63B100140513;
			remoteInfo = "UI-519";
		};
		47619D7927ED63B300140513 /* PBXContainerItemProxy */ = {
			isa = PBXContainerItemProxy;
			containerPortal = 47619D5627ED63B100140513 /* Project object */;
			proxyType = 1;
			remoteGlobalIDString = 47619D5D27ED63B100140513;
			remoteInfo = "UI-519";
		};
/* End PBXContainerItemProxy section */

/* Begin PBXFileReference section */
		47619D5E27ED63B100140513 /* UI-519.app */ = {isa = PBXFileReference; explicitFileType = wrapper.application; includeInIndex = 0; path = "UI-519.app"; sourceTree = BUILT_PRODUCTS_DIR; };
		47619D6127ED63B100140513 /* UI_519App.swift */ = {isa = PBXFileReference; lastKnownFileType = sourcecode.swift; path = UI_519App.swift; sourceTree = "<group>"; };
		47619D6327ED63B100140513 /* ContentView.swift */ = {isa = PBXFileReference; lastKnownFileType = sourcecode.swift; path = ContentView.swift; sourceTree = "<group>"; };
		47619D6527ED63B200140513 /* Assets.xcassets */ = {isa = PBXFileReference; lastKnownFileType = folder.assetcatalog; path = Assets.xcassets; sourceTree = "<group>"; };
		47619D6827ED63B200140513 /* Preview Assets.xcassets */ = {isa = PBXFileReference; lastKnownFileType = folder.assetcatalog; path = "Preview Assets.xcassets"; sourceTree = "<group>"; };
		47619D6E27ED63B300140513 /* UI-519Tests.xctest */ = {isa = PBXFileReference; explicitFileType = wrapper.cfbundle; includeInIndex = 0; path = "UI-519Tests.xctest"; sourceTree = BUILT_PRODUCTS_DIR; };
		47619D7227ED63B300140513 /* UI_519Tests.swift */ = {isa = PBXFileReference; lastKnownFileType = sourcecode.swift; path = UI_519Tests.swift; sourceTree = "<group>"; };
		47619D7827ED63B300140513 /* UI-519UITests.xctest */ = {isa = PBXFileReference; explicitFileType = wrapper.cfbundle; includeInIndex = 0; path = "UI-519UITests.xctest"; sourceTree = BUILT_PRODUCTS_DIR; };
		47619D7C27ED63B300140513 /* UI_519UITests.swift */ = {isa = PBXFileReference; lastKnownFileType = sourcecode.swift; path = UI_519UITests.swift; sourceTree = "<group>"; };
		47619D7E27ED63B300140513 /* UI_519UITestsLaunchTests.swift */ = {isa = PBXFileReference; lastKnownFileType = sourcecode.swift; path = UI_519UITestsLaunchTests.swift; sourceTree = "<group>"; };
		47619D8C27ED63C500140513 /* Home.swift */ = {isa = PBXFileReference; lastKnownFileType = sourcecode.swift; path = Home.swift; sourceTree = "<group>"; };
		47619D8F27ED641F00140513 /* LinkViewModel.swift */ = {isa = PBXFileReference; lastKnownFileType = sourcecode.swift; path = LinkViewModel.swift; sourceTree = "<group>"; };
		47619D9127ED650B00140513 /* Message.swift */ = {isa = PBXFileReference; lastKnownFileType = sourcecode.swift; path = Message.swift; sourceTree = "<group>"; };
		47619D9327ED65FA00140513 /* LinkPreView.swift */ = {isa = PBXFileReference; lastKnownFileType = sourcecode.swift; path = LinkPreView.swift; sourceTree = "<group>"; };
/* End PBXFileReference section */

/* Begin PBXFrameworksBuildPhase section */
		47619D5B27ED63B100140513 /* Frameworks */ = {
			isa = PBXFrameworksBuildPhase;
			buildActionMask = 2147483647;
			files = (
			);
			runOnlyForDeploymentPostprocessing = 0;
		};
		47619D6B27ED63B300140513 /* Frameworks */ = {
			isa = PBXFrameworksBuildPhase;
			buildActionMask = 2147483647;
			files = (
			);
			runOnlyForDeploymentPostprocessing = 0;
		};
		47619D7527ED63B300140513 /* Frameworks */ = {
			isa = PBXFrameworksBuildPhase;
			buildActionMask = 2147483647;
			files = (
			);
			runOnlyForDeploymentPostprocessing = 0;
		};
/* End PBXFrameworksBuildPhase section */

/* Begin PBXGroup section */
		47619D5527ED63B100140513 = {
			isa = PBXGroup;
			children = (
				47619D6027ED63B100140513 /* UI-519 */,
				47619D7127ED63B300140513 /* UI-519Tests */,
				47619D7B27ED63B300140513 /* UI-519UITests */,
				47619D5F27ED63B100140513 /* Products */,
			);
			sourceTree = "<group>";
		};
		47619D5F27ED63B100140513 /* Products */ = {
			isa = PBXGroup;
			children = (
				47619D5E27ED63B100140513 /* UI-519.app */,
				47619D6E27ED63B300140513 /* UI-519Tests.xctest */,
				47619D7827ED63B300140513 /* UI-519UITests.xctest */,
			);
			name = Products;
			sourceTree = "<group>";
		};
		47619D6027ED63B100140513 /* UI-519 */ = {
			isa = PBXGroup;
			children = (
				47619D8E27ED640C00140513 /* ViewModel */,
				47619D8B27ED63C000140513 /* View */,
				47619D6127ED63B100140513 /* UI_519App.swift */,
				47619D6327ED63B100140513 /* ContentView.swift */,
				47619D6527ED63B200140513 /* Assets.xcassets */,
				47619D6727ED63B200140513 /* Preview Content */,
			);
			path = "UI-519";
			sourceTree = "<group>";
		};
		47619D6727ED63B200140513 /* Preview Content */ = {
			isa = PBXGroup;
			children = (
				47619D6827ED63B200140513 /* Preview Assets.xcassets */,
			);
			path = "Preview Content";
			sourceTree = "<group>";
		};
		47619D7127ED63B300140513 /* UI-519Tests */ = {
			isa = PBXGroup;
			children = (
				47619D7227ED63B300140513 /* UI_519Tests.swift */,
			);
			path = "UI-519Tests";
			sourceTree = "<group>";
		};
		47619D7B27ED63B300140513 /* UI-519UITests */ = {
			isa = PBXGroup;
			children = (
				47619D7C27ED63B300140513 /* UI_519UITests.swift */,
				47619D7E27ED63B300140513 /* UI_519UITestsLaunchTests.swift */,
			);
			path = "UI-519UITests";
			sourceTree = "<group>";
		};
		47619D8B27ED63C000140513 /* View */ = {
			isa = PBXGroup;
			children = (
				47619D8C27ED63C500140513 /* Home.swift */,
				47619D9127ED650B00140513 /* Message.swift */,
				47619D9327ED65FA00140513 /* LinkPreView.swift */,
			);
			path = View;
			sourceTree = "<group>";
		};
		47619D8E27ED640C00140513 /* ViewModel */ = {
			isa = PBXGroup;
			children = (
				47619D8F27ED641F00140513 /* LinkViewModel.swift */,
			);
			path = ViewModel;
			sourceTree = "<group>";
		};
/* End PBXGroup section */

/* Begin PBXNativeTarget section */
		47619D5D27ED63B100140513 /* UI-519 */ = {
			isa = PBXNativeTarget;
			buildConfigurationList = 47619D8227ED63B300140513 /* Build configuration list for PBXNativeTarget "UI-519" */;
			buildPhases = (
				47619D5A27ED63B100140513 /* Sources */,
				47619D5B27ED63B100140513 /* Frameworks */,
				47619D5C27ED63B100140513 /* Resources */,
			);
			buildRules = (
			);
			dependencies = (
			);
			name = "UI-519";
			productName = "UI-519";
			productReference = 47619D5E27ED63B100140513 /* UI-519.app */;
			productType = "com.apple.product-type.application";
		};
		47619D6D27ED63B300140513 /* UI-519Tests */ = {
			isa = PBXNativeTarget;
			buildConfigurationList = 47619D8527ED63B300140513 /* Build configuration list for PBXNativeTarget "UI-519Tests" */;
			buildPhases = (
				47619D6A27ED63B300140513 /* Sources */,
				47619D6B27ED63B300140513 /* Frameworks */,
				47619D6C27ED63B300140513 /* Resources */,
			);
			buildRules = (
			);
			dependencies = (
				47619D7027ED63B300140513 /* PBXTargetDependency */,
			);
			name = "UI-519Tests";
			productName = "UI-519Tests";
			productReference = 47619D6E27ED63B300140513 /* UI-519Tests.xctest */;
			productType = "com.apple.product-type.bundle.unit-test";
		};
		47619D7727ED63B300140513 /* UI-519UITests */ = {
			isa = PBXNativeTarget;
			buildConfigurationList = 47619D8827ED63B300140513 /* Build configuration list for PBXNativeTarget "UI-519UITests" */;
			buildPhases = (
				47619D7427ED63B300140513 /* Sources */,
				47619D7527ED63B300140513 /* Frameworks */,
				47619D7627ED63B300140513 /* Resources */,
			);
			buildRules = (
			);
			dependencies = (
				47619D7A27ED63B300140513 /* PBXTargetDependency */,
			);
			name = "UI-519UITests";
			productName = "UI-519UITests";
			productReference = 47619D7827ED63B300140513 /* UI-519UITests.xctest */;
			productType = "com.apple.product-type.bundle.ui-testing";
		};
/* End PBXNativeTarget section */

/* Begin PBXProject section */
		47619D5627ED63B100140513 /* Project object */ = {
			isa = PBXProject;
			attributes = {
				BuildIndependentTargetsInParallel = 1;
				LastSwiftUpdateCheck = 1330;
				LastUpgradeCheck = 1330;
				TargetAttributes = {
					47619D5D27ED63B100140513 = {
						CreatedOnToolsVersion = 13.3;
					};
					47619D6D27ED63B300140513 = {
						CreatedOnToolsVersion = 13.3;
						TestTargetID = 47619D5D27ED63B100140513;
					};
					47619D7727ED63B300140513 = {
						CreatedOnToolsVersion = 13.3;
						TestTargetID = 47619D5D27ED63B100140513;
					};
				};
			};
			buildConfigurationList = 47619D5927ED63B100140513 /* Build configuration list for PBXProject "UI-519" */;
			compatibilityVersion = "Xcode 13.0";
			developmentRegion = en;
			hasScannedForEncodings = 0;
			knownRegions = (
				en,
				Base,
			);
			mainGroup = 47619D5527ED63B100140513;
			productRefGroup = 47619D5F27ED63B100140513 /* Products */;
			projectDirPath = "";
			projectRoot = "";
			targets = (
				47619D5D27ED63B100140513 /* UI-519 */,
				47619D6D27ED63B300140513 /* UI-519Tests */,
				47619D7727ED63B300140513 /* UI-519UITests */,
			);
		};
/* End PBXProject section */

/* Begin PBXResourcesBuildPhase section */
		47619D5C27ED63B100140513 /* Resources */ = {
			isa = PBXResourcesBuildPhase;
			buildActionMask = 2147483647;
			files = (
				47619D6927ED63B200140513 /* Preview Assets.xcassets in Resources */,
				47619D6627ED63B200140513 /* Assets.xcassets in Resources */,
			);
			runOnlyForDeploymentPostprocessing = 0;
		};
		47619D6C27ED63B300140513 /* Resources */ = {
			isa = PBXResourcesBuildPhase;
			buildActionMask = 2147483647;
			files = (
			);
			runOnlyForDeploymentPostprocessing = 0;
		};
		47619D7627ED63B300140513 /* Resources */ = {
			isa = PBXResourcesBuildPhase;
			buildActionMask = 2147483647;
			files = (
			);
			runOnlyForDeploymentPostprocessing = 0;
		};
/* End PBXResourcesBuildPhase section */

/* Begin PBXSourcesBuildPhase section */
		47619D5A27ED63B100140513 /* Sources */ = {
			isa = PBXSourcesBuildPhase;
			buildActionMask = 2147483647;
			files = (
				47619D9027ED641F00140513 /* LinkViewModel.swift in Sources */,
				47619D6427ED63B100140513 /* ContentView.swift in Sources */,
				47619D9427ED65FA00140513 /* LinkPreView.swift in Sources */,
				47619D9227ED650B00140513 /* Message.swift in Sources */,
				47619D8D27ED63C500140513 /* Home.swift in Sources */,
				47619D6227ED63B100140513 /* UI_519App.swift in Sources */,
			);
			runOnlyForDeploymentPostprocessing = 0;
		};
		47619D6A27ED63B300140513 /* Sources */ = {
			isa = PBXSourcesBuildPhase;
			buildActionMask = 2147483647;
			files = (
				47619D7327ED63B300140513 /* UI_519Tests.swift in Sources */,
			);
			runOnlyForDeploymentPostprocessing = 0;
		};
		47619D7427ED63B300140513 /* Sources */ = {
			isa = PBXSourcesBuildPhase;
			buildActionMask = 2147483647;
			files = (
				47619D7F27ED63B300140513 /* UI_519UITestsLaunchTests.swift in Sources */,
				47619D7D27ED63B300140513 /* UI_519UITests.swift in Sources */,
			);
			runOnlyForDeploymentPostprocessing = 0;
		};
/* End PBXSourcesBuildPhase section */

/* Begin PBXTargetDependency section */
		47619D7027ED63B300140513 /* PBXTargetDependency */ = {
			isa = PBXTargetDependency;
			target = 47619D5D27ED63B100140513 /* UI-519 */;
			targetProxy = 47619D6F27ED63B300140513 /* PBXContainerItemProxy */;
		};
		47619D7A27ED63B300140513 /* PBXTargetDependency */ = {
			isa = PBXTargetDependency;
			target = 47619D5D27ED63B100140513 /* UI-519 */;
			targetProxy = 47619D7927ED63B300140513 /* PBXContainerItemProxy */;
		};
/* End PBXTargetDependency section */

/* Begin XCBuildConfiguration section */
		47619D8027ED63B300140513 /* Debug */ = {
			isa = XCBuildConfiguration;
			buildSettings = {
				ALWAYS_SEARCH_USER_PATHS = NO;
				CLANG_ANALYZER_NONNULL = YES;
				CLANG_ANALYZER_NUMBER_OBJECT_CONVERSION = YES_AGGRESSIVE;
				CLANG_CXX_LANGUAGE_STANDARD = "gnu++17";
				CLANG_ENABLE_MODULES = YES;
				CLANG_ENABLE_OBJC_ARC = YES;
				CLANG_ENABLE_OBJC_WEAK = YES;
				CLANG_WARN_BLOCK_CAPTURE_AUTORELEASING = YES;
				CLANG_WARN_BOOL_CONVERSION = YES;
				CLANG_WARN_COMMA = YES;
				CLANG_WARN_CONSTANT_CONVERSION = YES;
				CLANG_WARN_DEPRECATED_OBJC_IMPLEMENTATIONS = YES;
				CLANG_WARN_DIRECT_OBJC_ISA_USAGE = YES_ERROR;
				CLANG_WARN_DOCUMENTATION_COMMENTS = YES;
				CLANG_WARN_EMPTY_BODY = YES;
				CLANG_WARN_ENUM_CONVERSION = YES;
				CLANG_WARN_INFINITE_RECURSION = YES;
				CLANG_WARN_INT_CONVERSION = YES;
				CLANG_WARN_NON_LITERAL_NULL_CONVERSION = YES;
				CLANG_WARN_OBJC_IMPLICIT_RETAIN_SELF = YES;
				CLANG_WARN_OBJC_LITERAL_CONVERSION = YES;
				CLANG_WARN_OBJC_ROOT_CLASS = YES_ERROR;
				CLANG_WARN_QUOTED_INCLUDE_IN_FRAMEWORK_HEADER = YES;
				CLANG_WARN_RANGE_LOOP_ANALYSIS = YES;
				CLANG_WARN_STRICT_PROTOTYPES = YES;
				CLANG_WARN_SUSPICIOUS_MOVE = YES;
				CLANG_WARN_UNGUARDED_AVAILABILITY = YES_AGGRESSIVE;
				CLANG_WARN_UNREACHABLE_CODE = YES;
				CLANG_WARN__DUPLICATE_METHOD_MATCH = YES;
				COPY_PHASE_STRIP = NO;
				DEBUG_INFORMATION_FORMAT = dwarf;
				ENABLE_STRICT_OBJC_MSGSEND = YES;
				ENABLE_TESTABILITY = YES;
				GCC_C_LANGUAGE_STANDARD = gnu11;
				GCC_DYNAMIC_NO_PIC = NO;
				GCC_NO_COMMON_BLOCKS = YES;
				GCC_OPTIMIZATION_LEVEL = 0;
				GCC_PREPROCESSOR_DEFINITIONS = (
					"DEBUG=1",
					"$(inherited)",
				);
				GCC_WARN_64_TO_32_BIT_CONVERSION = YES;
				GCC_WARN_ABOUT_RETURN_TYPE = YES_ERROR;
				GCC_WARN_UNDECLARED_SELECTOR = YES;
				GCC_WARN_UNINITIALIZED_AUTOS = YES_AGGRESSIVE;
				GCC_WARN_UNUSED_FUNCTION = YES;
				GCC_WARN_UNUSED_VARIABLE = YES;
				IPHONEOS_DEPLOYMENT_TARGET = 15.4;
				MTL_ENABLE_DEBUG_INFO = INCLUDE_SOURCE;
				MTL_FAST_MATH = YES;
				ONLY_ACTIVE_ARCH = YES;
				SDKROOT = iphoneos;
				SWIFT_ACTIVE_COMPILATION_CONDITIONS = DEBUG;
				SWIFT_OPTIMIZATION_LEVEL = "-Onone";
			};
			name = Debug;
		};
		47619D8127ED63B300140513 /* Release */ = {
			isa = XCBuildConfiguration;
			buildSettings = {
				ALWAYS_SEARCH_USER_PATHS = NO;
				CLANG_ANALYZER_NONNULL = YES;
				CLANG_ANALYZER_NUMBER_OBJECT_CONVERSION = YES_AGGRESSIVE;
				CLANG_CXX_LANGUAGE_STANDARD = "gnu++17";
				CLANG_ENABLE_MODULES = YES;
				CLANG_ENABLE_OBJC_ARC = YES;
				CLANG_ENABLE_OBJC_WEAK = YES;
				CLANG_WARN_BLOCK_CAPTURE_AUTORELEASING = YES;
				CLANG_WARN_BOOL_CONVERSION = YES;
				CLANG_WARN_COMMA = YES;
				CLANG_WARN_CONSTANT_CONVERSION = YES;
				CLANG_WARN_DEPRECATED_OBJC_IMPLEMENTATIONS = YES;
				CLANG_WARN_DIRECT_OBJC_ISA_USAGE = YES_ERROR;
				CLANG_WARN_DOCUMENTATION_COMMENTS = YES;
				CLANG_WARN_EMPTY_BODY = YES;
				CLANG_WARN_ENUM_CONVERSION = YES;
				CLANG_WARN_INFINITE_RECURSION = YES;
				CLANG_WARN_INT_CONVERSION = YES;
				CLANG_WARN_NON_LITERAL_NULL_CONVERSION = YES;
				CLANG_WARN_OBJC_IMPLICIT_RETAIN_SELF = YES;
				CLANG_WARN_OBJC_LITERAL_CONVERSION = YES;
				CLANG_WARN_OBJC_ROOT_CLASS = YES_ERROR;
				CLANG_WARN_QUOTED_INCLUDE_IN_FRAMEWORK_HEADER = YES;
				CLANG_WARN_RANGE_LOOP_ANALYSIS = YES;
				CLANG_WARN_STRICT_PROTOTYPES = YES;
				CLANG_WARN_SUSPICIOUS_MOVE = YES;
				CLANG_WARN_UNGUARDED_AVAILABILITY = YES_AGGRESSIVE;
				CLANG_WARN_UNREACHABLE_CODE = YES;
				CLANG_WARN__DUPLICATE_METHOD_MATCH = YES;
				COPY_PHASE_STRIP = NO;
				DEBUG_INFORMATION_FORMAT = "dwarf-with-dsym";
				ENABLE_NS_ASSERTIONS = NO;
				ENABLE_STRICT_OBJC_MSGSEND = YES;
				GCC_C_LANGUAGE_STANDARD = gnu11;
				GCC_NO_COMMON_BLOCKS = YES;
				GCC_WARN_64_TO_32_BIT_CONVERSION = YES;
				GCC_WARN_ABOUT_RETURN_TYPE = YES_ERROR;
				GCC_WARN_UNDECLARED_SELECTOR = YES;
				GCC_WARN_UNINITIALIZED_AUTOS = YES_AGGRESSIVE;
				GCC_WARN_UNUSED_FUNCTION = YES;
				GCC_WARN_UNUSED_VARIABLE = YES;
				IPHONEOS_DEPLOYMENT_TARGET = 15.4;
				MTL_ENABLE_DEBUG_INFO = NO;
				MTL_FAST_MATH = YES;
				SDKROOT = iphoneos;
				SWIFT_COMPILATION_MODE = wholemodule;
				SWIFT_OPTIMIZATION_LEVEL = "-O";
				VALIDATE_PRODUCT = YES;
			};
			name = Release;
		};
		47619D8327ED63B300140513 /* Debug */ = {
			isa = XCBuildConfiguration;
			buildSettings = {
				ASSETCATALOG_COMPILER_APPICON_NAME = AppIcon;
				ASSETCATALOG_COMPILER_GLOBAL_ACCENT_COLOR_NAME = AccentColor;
				CODE_SIGN_STYLE = Automatic;
				CURRENT_PROJECT_VERSION = 1;
				DEVELOPMENT_ASSET_PATHS = "\"UI-519/Preview Content\"";
				DEVELOPMENT_TEAM = 8CL4U468K5;
				ENABLE_PREVIEWS = YES;
				GENERATE_INFOPLIST_FILE = YES;
				INFOPLIST_KEY_UIApplicationSceneManifest_Generation = YES;
				INFOPLIST_KEY_UIApplicationSupportsIndirectInputEvents = YES;
				INFOPLIST_KEY_UILaunchScreen_Generation = YES;
				INFOPLIST_KEY_UISupportedInterfaceOrientations_iPad = "UIInterfaceOrientationPortrait UIInterfaceOrientationPortraitUpsideDown UIInterfaceOrientationLandscapeLeft UIInterfaceOrientationLandscapeRight";
				INFOPLIST_KEY_UISupportedInterfaceOrientations_iPhone = "UIInterfaceOrientationPortrait UIInterfaceOrientationLandscapeLeft UIInterfaceOrientationLandscapeRight";
				LD_RUNPATH_SEARCH_PATHS = (
					"$(inherited)",
					"@executable_path/Frameworks",
				);
				MARKETING_VERSION = 1.0;
				PRODUCT_BUNDLE_IDENTIFIER = "com.585.UI-519";
				PRODUCT_NAME = "$(TARGET_NAME)";
				SWIFT_EMIT_LOC_STRINGS = YES;
				SWIFT_VERSION = 5.0;
				TARGETED_DEVICE_FAMILY = "1,2";
			};
			name = Debug;
		};
		47619D8427ED63B300140513 /* Release */ = {
			isa = XCBuildConfiguration;
			buildSettings = {
				ASSETCATALOG_COMPILER_APPICON_NAME = AppIcon;
				ASSETCATALOG_COMPILER_GLOBAL_ACCENT_COLOR_NAME = AccentColor;
				CODE_SIGN_STYLE = Automatic;
				CURRENT_PROJECT_VERSION = 1;
				DEVELOPMENT_ASSET_PATHS = "\"UI-519/Preview Content\"";
				DEVELOPMENT_TEAM = 8CL4U468K5;
				ENABLE_PREVIEWS = YES;
				GENERATE_INFOPLIST_FILE = YES;
				INFOPLIST_KEY_UIApplicationSceneManifest_Generation = YES;
				INFOPLIST_KEY_UIApplicationSupportsIndirectInputEvents = YES;
				INFOPLIST_KEY_UILaunchScreen_Generation = YES;
				INFOPLIST_KEY_UISupportedInterfaceOrientations_iPad = "UIInterfaceOrientationPortrait UIInterfaceOrientationPortraitUpsideDown UIInterfaceOrientationLandscapeLeft UIInterfaceOrientationLandscapeRight";
				INFOPLIST_KEY_UISupportedInterfaceOrientations_iPhone = "UIInterfaceOrientationPortrait UIInterfaceOrientationLandscapeLeft UIInterfaceOrientationLandscapeRight";
				LD_RUNPATH_SEARCH_PATHS = (
					"$(inherited)",
					"@executable_path/Frameworks",
				);
				MARKETING_VERSION = 1.0;
				PRODUCT_BUNDLE_IDENTIFIER = "com.585.UI-519";
				PRODUCT_NAME = "$(TARGET_NAME)";
				SWIFT_EMIT_LOC_STRINGS = YES;
				SWIFT_VERSION = 5.0;
				TARGETED_DEVICE_FAMILY = "1,2";
			};
			name = Release;
		};
		47619D8627ED63B300140513 /* Debug */ = {
			isa = XCBuildConfiguration;
			buildSettings = {
				ALWAYS_EMBED_SWIFT_STANDARD_LIBRARIES = YES;
				BUNDLE_LOADER = "$(TEST_HOST)";
				CODE_SIGN_STYLE = Automatic;
				CURRENT_PROJECT_VERSION = 1;
				DEVELOPMENT_TEAM = 8CL4U468K5;
				GENERATE_INFOPLIST_FILE = YES;
				IPHONEOS_DEPLOYMENT_TARGET = 15.4;
				MARKETING_VERSION = 1.0;
				PRODUCT_BUNDLE_IDENTIFIER = "com.585.UI-519Tests";
				PRODUCT_NAME = "$(TARGET_NAME)";
				SWIFT_EMIT_LOC_STRINGS = NO;
				SWIFT_VERSION = 5.0;
				TARGETED_DEVICE_FAMILY = "1,2";
				TEST_HOST = "$(BUILT_PRODUCTS_DIR)/UI-519.app/UI-519";
			};
			name = Debug;
		};
		47619D8727ED63B300140513 /* Release */ = {
			isa = XCBuildConfiguration;
			buildSettings = {
				ALWAYS_EMBED_SWIFT_STANDARD_LIBRARIES = YES;
				BUNDLE_LOADER = "$(TEST_HOST)";
				CODE_SIGN_STYLE = Automatic;
				CURRENT_PROJECT_VERSION = 1;
				DEVELOPMENT_TEAM = 8CL4U468K5;
				GENERATE_INFOPLIST_FILE = YES;
				IPHONEOS_DEPLOYMENT_TARGET = 15.4;
				MARKETING_VERSION = 1.0;
				PRODUCT_BUNDLE_IDENTIFIER = "com.585.UI-519Tests";
				PRODUCT_NAME = "$(TARGET_NAME)";
				SWIFT_EMIT_LOC_STRINGS = NO;
				SWIFT_VERSION = 5.0;
				TARGETED_DEVICE_FAMILY = "1,2";
				TEST_HOST = "$(BUILT_PRODUCTS_DIR)/UI-519.app/UI-519";
			};
			name = Release;
		};
		47619D8927ED63B300140513 /* Debug */ = {
			isa = XCBuildConfiguration;
			buildSettings = {
				ALWAYS_EMBED_SWIFT_STANDARD_LIBRARIES = YES;
				CODE_SIGN_STYLE = Automatic;
				CURRENT_PROJECT_VERSION = 1;
				DEVELOPMENT_TEAM = 8CL4U468K5;
				GENERATE_INFOPLIST_FILE = YES;
				MARKETING_VERSION = 1.0;
				PRODUCT_BUNDLE_IDENTIFIER = "com.585.UI-519UITests";
				PRODUCT_NAME = "$(TARGET_NAME)";
				SWIFT_EMIT_LOC_STRINGS = NO;
				SWIFT_VERSION = 5.0;
				TARGETED_DEVICE_FAMILY = "1,2";
				TEST_TARGET_NAME = "UI-519";
			};
			name = Debug;
		};
		47619D8A27ED63B300140513 /* Release */ = {
			isa = XCBuildConfiguration;
			buildSettings = {
				ALWAYS_EMBED_SWIFT_STANDARD_LIBRARIES = YES;
				CODE_SIGN_STYLE = Automatic;
				CURRENT_PROJECT_VERSION = 1;
				DEVELOPMENT_TEAM = 8CL4U468K5;
				GENERATE_INFOPLIST_FILE = YES;
				MARKETING_VERSION = 1.0;
				PRODUCT_BUNDLE_IDENTIFIER = "com.585.UI-519UITests";
				PRODUCT_NAME = "$(TARGET_NAME)";
				SWIFT_EMIT_LOC_STRINGS = NO;
				SWIFT_VERSION = 5.0;
				TARGETED_DEVICE_FAMILY = "1,2";
				TEST_TARGET_NAME = "UI-519";
			};
			name = Release;
		};
/* End XCBuildConfiguration section */

/* Begin XCConfigurationList section */
		47619D5927ED63B100140513 /* Build configuration list for PBXProject "UI-519" */ = {
			isa = XCConfigurationList;
			buildConfigurations = (
				47619D8027ED63B300140513 /* Debug */,
				47619D8127ED63B300140513 /* Release */,
			);
			defaultConfigurationIsVisible = 0;
			defaultConfigurationName = Release;
		};
		47619D8227ED63B300140513 /* Build configuration list for PBXNativeTarget "UI-519" */ = {
			isa = XCConfigurationList;
			buildConfigurations = (
				47619D8327ED63B300140513 /* Debug */,
				47619D8427ED63B300140513 /* Release */,
			);
			defaultConfigurationIsVisible = 0;
			defaultConfigurationName = Release;
		};
		47619D8527ED63B300140513 /* Build configuration list for PBXNativeTarget "UI-519Tests" */ = {
			isa = XCConfigurationList;
			buildConfigurations = (
				47619D8627ED63B300140513 /* Debug */,
				47619D8727ED63B300140513 /* Release */,
			);
			defaultConfigurationIsVisible = 0;
			defaultConfigurationName = Release;
		};
		47619D8827ED63B300140513 /* Build configuration list for PBXNativeTarget "UI-519UITests" */ = {
			isa = XCConfigurationList;
			buildConfigurations = (
				47619D8927ED63B300140513 /* Debug */,
				47619D8A27ED63B300140513 /* Release */,
			);
			defaultConfigurationIsVisible = 0;
			defaultConfigurationName = Release;
		};
/* End XCConfigurationList section */
	};
	rootObject = 47619D5627ED63B100140513 /* Project object */;
}
